// !$*UTF8*$!
{
	archiveVersion = 1;
	classes = {
	};
	objectVersion = 50;
	objects = {

/* Begin PBXBuildFile section */
		4C394C6424306E6D000AFBFF /* oddItemsToBack.c in Sources */ = {isa = PBXBuildFile; fileRef = 4C394C6324306E6D000AFBFF /* oddItemsToBack.c */; };
		4C461B942431B06000DDE3AD /* recursiveReverse.c in Sources */ = {isa = PBXBuildFile; fileRef = 4C461B932431B06000DDE3AD /* recursiveReverse.c */; };
		4CA8A524243077A900DB872D /* alternateMergeLinkedList.c in Sources */ = {isa = PBXBuildFile; fileRef = 4CA8A523243077A900DB872D /* alternateMergeLinkedList.c */; };
/* End PBXBuildFile section */

/* Begin PBXCopyFilesBuildPhase section */
		4C394C5E24306E6D000AFBFF /* CopyFiles */ = {
			isa = PBXCopyFilesBuildPhase;
			buildActionMask = 2147483647;
			dstPath = /usr/share/man/man1/;
			dstSubfolderSpec = 0;
			files = (
			);
			runOnlyForDeploymentPostprocessing = 1;
		};
		4C461B8F2431B06000DDE3AD /* CopyFiles */ = {
			isa = PBXCopyFilesBuildPhase;
			buildActionMask = 2147483647;
			dstPath = /usr/share/man/man1/;
			dstSubfolderSpec = 0;
			files = (
			);
			runOnlyForDeploymentPostprocessing = 1;
		};
		4CA8A51F243077A900DB872D /* CopyFiles */ = {
			isa = PBXCopyFilesBuildPhase;
			buildActionMask = 2147483647;
			dstPath = /usr/share/man/man1/;
			dstSubfolderSpec = 0;
			files = (
			);
			runOnlyForDeploymentPostprocessing = 1;
		};
/* End PBXCopyFilesBuildPhase section */

/* Begin PBXFileReference section */
		4C394C6024306E6D000AFBFF /* oddItemsToBack */ = {isa = PBXFileReference; explicitFileType = "compiled.mach-o.executable"; includeInIndex = 0; path = oddItemsToBack; sourceTree = BUILT_PRODUCTS_DIR; };
		4C394C6324306E6D000AFBFF /* oddItemsToBack.c */ = {isa = PBXFileReference; lastKnownFileType = sourcecode.c.c; path = oddItemsToBack.c; sourceTree = "<group>"; };
		4C461B912431B06000DDE3AD /* recursiveReverse */ = {isa = PBXFileReference; explicitFileType = "compiled.mach-o.executable"; includeInIndex = 0; path = recursiveReverse; sourceTree = BUILT_PRODUCTS_DIR; };
		4C461B932431B06000DDE3AD /* recursiveReverse.c */ = {isa = PBXFileReference; lastKnownFileType = sourcecode.c.c; path = recursiveReverse.c; sourceTree = "<group>"; };
		4CA8A521243077A900DB872D /* alternateMergeLinkedList */ = {isa = PBXFileReference; explicitFileType = "compiled.mach-o.executable"; includeInIndex = 0; path = alternateMergeLinkedList; sourceTree = BUILT_PRODUCTS_DIR; };
		4CA8A523243077A900DB872D /* alternateMergeLinkedList.c */ = {isa = PBXFileReference; lastKnownFileType = sourcecode.c.c; path = alternateMergeLinkedList.c; sourceTree = "<group>"; };
/* End PBXFileReference section */

/* Begin PBXFrameworksBuildPhase section */
		4C394C5D24306E6D000AFBFF /* Frameworks */ = {
			isa = PBXFrameworksBuildPhase;
			buildActionMask = 2147483647;
			files = (
			);
			runOnlyForDeploymentPostprocessing = 0;
		};
		4C461B8E2431B06000DDE3AD /* Frameworks */ = {
			isa = PBXFrameworksBuildPhase;
			buildActionMask = 2147483647;
			files = (
			);
			runOnlyForDeploymentPostprocessing = 0;
		};
		4CA8A51E243077A900DB872D /* Frameworks */ = {
			isa = PBXFrameworksBuildPhase;
			buildActionMask = 2147483647;
			files = (
			);
			runOnlyForDeploymentPostprocessing = 0;
		};
/* End PBXFrameworksBuildPhase section */

/* Begin PBXGroup section */
		4C394C5724306E6D000AFBFF = {
			isa = PBXGroup;
			children = (
				4C394C6224306E6D000AFBFF /* oddItemsToBack */,
				4CA8A522243077A900DB872D /* alternateMergeLinkedList */,
				4C461B922431B06000DDE3AD /* recursiveReverse */,
				4C394C6124306E6D000AFBFF /* Products */,
			);
			sourceTree = "<group>";
		};
		4C394C6124306E6D000AFBFF /* Products */ = {
			isa = PBXGroup;
			children = (
				4C394C6024306E6D000AFBFF /* oddItemsToBack */,
				4CA8A521243077A900DB872D /* alternateMergeLinkedList */,
				4C461B912431B06000DDE3AD /* recursiveReverse */,
			);
			name = Products;
			sourceTree = "<group>";
		};
		4C394C6224306E6D000AFBFF /* oddItemsToBack */ = {
			isa = PBXGroup;
			children = (
				4C394C6324306E6D000AFBFF /* oddItemsToBack.c */,
			);
			path = oddItemsToBack;
			sourceTree = "<group>";
		};
		4C461B922431B06000DDE3AD /* recursiveReverse */ = {
			isa = PBXGroup;
			children = (
				4C461B932431B06000DDE3AD /* recursiveReverse.c */,
			);
			path = recursiveReverse;
			sourceTree = "<group>";
		};
		4CA8A522243077A900DB872D /* alternateMergeLinkedList */ = {
			isa = PBXGroup;
			children = (
				4CA8A523243077A900DB872D /* alternateMergeLinkedList.c */,
			);
			path = alternateMergeLinkedList;
			sourceTree = "<group>";
		};
/* End PBXGroup section */

/* Begin PBXNativeTarget section */
		4C394C5F24306E6D000AFBFF /* oddItemsToBack */ = {
			isa = PBXNativeTarget;
			buildConfigurationList = 4C394C6724306E6D000AFBFF /* Build configuration list for PBXNativeTarget "oddItemsToBack" */;
			buildPhases = (
				4C394C5C24306E6D000AFBFF /* Sources */,
				4C394C5D24306E6D000AFBFF /* Frameworks */,
				4C394C5E24306E6D000AFBFF /* CopyFiles */,
			);
			buildRules = (
			);
			dependencies = (
			);
			name = oddItemsToBack;
			productName = "Week 10";
			productReference = 4C394C6024306E6D000AFBFF /* oddItemsToBack */;
			productType = "com.apple.product-type.tool";
		};
		4C461B902431B06000DDE3AD /* recursiveReverse */ = {
			isa = PBXNativeTarget;
			buildConfigurationList = 4C461B972431B06000DDE3AD /* Build configuration list for PBXNativeTarget "recursiveReverse" */;
			buildPhases = (
				4C461B8D2431B06000DDE3AD /* Sources */,
				4C461B8E2431B06000DDE3AD /* Frameworks */,
				4C461B8F2431B06000DDE3AD /* CopyFiles */,
			);
			buildRules = (
			);
			dependencies = (
			);
			name = recursiveReverse;
			productName = recursiveReverse;
			productReference = 4C461B912431B06000DDE3AD /* recursiveReverse */;
			productType = "com.apple.product-type.tool";
		};
		4CA8A520243077A900DB872D /* alternateMergeLinkedList */ = {
			isa = PBXNativeTarget;
			buildConfigurationList = 4CA8A525243077A900DB872D /* Build configuration list for PBXNativeTarget "alternateMergeLinkedList" */;
			buildPhases = (
				4CA8A51D243077A900DB872D /* Sources */,
				4CA8A51E243077A900DB872D /* Frameworks */,
				4CA8A51F243077A900DB872D /* CopyFiles */,
			);
			buildRules = (
			);
			dependencies = (
			);
			name = alternateMergeLinkedList;
			productName = alternateMergeLinkedList;
			productReference = 4CA8A521243077A900DB872D /* alternateMergeLinkedList */;
			productType = "com.apple.product-type.tool";
		};
/* End PBXNativeTarget section */

/* Begin PBXProject section */
		4C394C5824306E6D000AFBFF /* Project object */ = {
			isa = PBXProject;
			attributes = {
				LastUpgradeCheck = 1140;
				ORGANIZATIONNAME = "Bhargav Singapuri";
				TargetAttributes = {
					4C394C5F24306E6D000AFBFF = {
						CreatedOnToolsVersion = 11.4;
					};
					4C461B902431B06000DDE3AD = {
						CreatedOnToolsVersion = 11.4;
					};
					4CA8A520243077A900DB872D = {
						CreatedOnToolsVersion = 11.4;
					};
				};
			};
			buildConfigurationList = 4C394C5B24306E6D000AFBFF /* Build configuration list for PBXProject "Week 10" */;
			compatibilityVersion = "Xcode 9.3";
			developmentRegion = en;
			hasScannedForEncodings = 0;
			knownRegions = (
				en,
				Base,
			);
			mainGroup = 4C394C5724306E6D000AFBFF;
			productRefGroup = 4C394C6124306E6D000AFBFF /* Products */;
			projectDirPath = "";
			projectRoot = "";
			targets = (
				4C394C5F24306E6D000AFBFF /* oddItemsToBack */,
				4CA8A520243077A900DB872D /* alternateMergeLinkedList */,
				4C461B902431B06000DDE3AD /* recursiveReverse */,
			);
		};
/* End PBXProject section */

/* Begin PBXSourcesBuildPhase section */
		4C394C5C24306E6D000AFBFF /* Sources */ = {
			isa = PBXSourcesBuildPhase;
			buildActionMask = 2147483647;
			files = (
				4C394C6424306E6D000AFBFF /* oddItemsToBack.c in Sources */,
			);
			runOnlyForDeploymentPostprocessing = 0;
		};
		4C461B8D2431B06000DDE3AD /* Sources */ = {
			isa = PBXSourcesBuildPhase;
			buildActionMask = 2147483647;
			files = (
				4C461B942431B06000DDE3AD /* recursiveReverse.c in Sources */,
			);
			runOnlyForDeploymentPostprocessing = 0;
		};
		4CA8A51D243077A900DB872D /* Sources */ = {
			isa = PBXSourcesBuildPhase;
			buildActionMask = 2147483647;
			files = (
				4CA8A524243077A900DB872D /* alternateMergeLinkedList.c in Sources */,
			);
			runOnlyForDeploymentPostprocessing = 0;
		};
/* End PBXSourcesBuildPhase section */

/* Begin XCBuildConfiguration section */
		4C394C6524306E6D000AFBFF /* Debug */ = {
			isa = XCBuildConfiguration;
			buildSettings = {
				ALWAYS_SEARCH_USER_PATHS = NO;
				CLANG_ANALYZER_NONNULL = YES;
				CLANG_ANALYZER_NUMBER_OBJECT_CONVERSION = YES_AGGRESSIVE;
				CLANG_CXX_LANGUAGE_STANDARD = "gnu++14";
				CLANG_CXX_LIBRARY = "libc++";
				CLANG_ENABLE_MODULES = YES;
				CLANG_ENABLE_OBJC_ARC = YES;
				CLANG_ENABLE_OBJC_WEAK = YES;
				CLANG_WARN_BLOCK_CAPTURE_AUTORELEASING = YES;
				CLANG_WARN_BOOL_CONVERSION = YES;
				CLANG_WARN_COMMA = YES;
				CLANG_WARN_CONSTANT_CONVERSION = YES;
				CLANG_WARN_DEPRECATED_OBJC_IMPLEMENTATIONS = YES;
				CLANG_WARN_DIRECT_OBJC_ISA_USAGE = YES_ERROR;
				CLANG_WARN_DOCUMENTATION_COMMENTS = YES;
				CLANG_WARN_EMPTY_BODY = YES;
				CLANG_WARN_ENUM_CONVERSION = YES;
				CLANG_WARN_INFINITE_RECURSION = YES;
				CLANG_WARN_INT_CONVERSION = YES;
				CLANG_WARN_NON_LITERAL_NULL_CONVERSION = YES;
				CLANG_WARN_OBJC_IMPLICIT_RETAIN_SELF = YES;
				CLANG_WARN_OBJC_LITERAL_CONVERSION = YES;
				CLANG_WARN_OBJC_ROOT_CLASS = YES_ERROR;
				CLANG_WARN_RANGE_LOOP_ANALYSIS = YES;
				CLANG_WARN_STRICT_PROTOTYPES = YES;
				CLANG_WARN_SUSPICIOUS_MOVE = YES;
				CLANG_WARN_UNGUARDED_AVAILABILITY = YES_AGGRESSIVE;
				CLANG_WARN_UNREACHABLE_CODE = YES;
				CLANG_WARN__DUPLICATE_METHOD_MATCH = YES;
				COPY_PHASE_STRIP = NO;
				DEBUG_INFORMATION_FORMAT = dwarf;
				ENABLE_STRICT_OBJC_MSGSEND = YES;
				ENABLE_TESTABILITY = YES;
				GCC_C_LANGUAGE_STANDARD = gnu11;
				GCC_DYNAMIC_NO_PIC = NO;
				GCC_NO_COMMON_BLOCKS = YES;
				GCC_OPTIMIZATION_LEVEL = 0;
				GCC_PREPROCESSOR_DEFINITIONS = (
					"DEBUG=1",
					"$(inherited)",
				);
				GCC_WARN_64_TO_32_BIT_CONVERSION = YES;
				GCC_WARN_ABOUT_RETURN_TYPE = YES_ERROR;
				GCC_WARN_UNDECLARED_SELECTOR = YES;
				GCC_WARN_UNINITIALIZED_AUTOS = YES_AGGRESSIVE;
				GCC_WARN_UNUSED_FUNCTION = YES;
				GCC_WARN_UNUSED_VARIABLE = YES;
				MACOSX_DEPLOYMENT_TARGET = 10.15;
				MTL_ENABLE_DEBUG_INFO = INCLUDE_SOURCE;
				MTL_FAST_MATH = YES;
				ONLY_ACTIVE_ARCH = YES;
				SDKROOT = macosx;
			};
			name = Debug;
		};
		4C394C6624306E6D000AFBFF /* Release */ = {
			isa = XCBuildConfiguration;
			buildSettings = {
				ALWAYS_SEARCH_USER_PATHS = NO;
				CLANG_ANALYZER_NONNULL = YES;
				CLANG_ANALYZER_NUMBER_OBJECT_CONVERSION = YES_AGGRESSIVE;
				CLANG_CXX_LANGUAGE_STANDARD = "gnu++14";
				CLANG_CXX_LIBRARY = "libc++";
				CLANG_ENABLE_MODULES = YES;
				CLANG_ENABLE_OBJC_ARC = YES;
				CLANG_ENABLE_OBJC_WEAK = YES;
				CLANG_WARN_BLOCK_CAPTURE_AUTORELEASING = YES;
				CLANG_WARN_BOOL_CONVERSION = YES;
				CLANG_WARN_COMMA = YES;
				CLANG_WARN_CONSTANT_CONVERSION = YES;
				CLANG_WARN_DEPRECATED_OBJC_IMPLEMENTATIONS = YES;
				CLANG_WARN_DIRECT_OBJC_ISA_USAGE = YES_ERROR;
				CLANG_WARN_DOCUMENTATION_COMMENTS = YES;
				CLANG_WARN_EMPTY_BODY = YES;
				CLANG_WARN_ENUM_CONVERSION = YES;
				CLANG_WARN_INFINITE_RECURSION = YES;
				CLANG_WARN_INT_CONVERSION = YES;
				CLANG_WARN_NON_LITERAL_NULL_CONVERSION = YES;
				CLANG_WARN_OBJC_IMPLICIT_RETAIN_SELF = YES;
				CLANG_WARN_OBJC_LITERAL_CONVERSION = YES;
				CLANG_WARN_OBJC_ROOT_CLASS = YES_ERROR;
				CLANG_WARN_RANGE_LOOP_ANALYSIS = YES;
				CLANG_WARN_STRICT_PROTOTYPES = YES;
				CLANG_WARN_SUSPICIOUS_MOVE = YES;
				CLANG_WARN_UNGUARDED_AVAILABILITY = YES_AGGRESSIVE;
				CLANG_WARN_UNREACHABLE_CODE = YES;
				CLANG_WARN__DUPLICATE_METHOD_MATCH = YES;
				COPY_PHASE_STRIP = NO;
				DEBUG_INFORMATION_FORMAT = "dwarf-with-dsym";
				ENABLE_NS_ASSERTIONS = NO;
				ENABLE_STRICT_OBJC_MSGSEND = YES;
				GCC_C_LANGUAGE_STANDARD = gnu11;
				GCC_NO_COMMON_BLOCKS = YES;
				GCC_WARN_64_TO_32_BIT_CONVERSION = YES;
				GCC_WARN_ABOUT_RETURN_TYPE = YES_ERROR;
				GCC_WARN_UNDECLARED_SELECTOR = YES;
				GCC_WARN_UNINITIALIZED_AUTOS = YES_AGGRESSIVE;
				GCC_WARN_UNUSED_FUNCTION = YES;
				GCC_WARN_UNUSED_VARIABLE = YES;
				MACOSX_DEPLOYMENT_TARGET = 10.15;
				MTL_ENABLE_DEBUG_INFO = NO;
				MTL_FAST_MATH = YES;
				SDKROOT = macosx;
			};
			name = Release;
		};
		4C394C6824306E6D000AFBFF /* Debug */ = {
			isa = XCBuildConfiguration;
			buildSettings = {
				CODE_SIGN_STYLE = Automatic;
				DEVELOPMENT_TEAM = V6F9359RN2;
				ENABLE_HARDENED_RUNTIME = YES;
				PRODUCT_NAME = "$(TARGET_NAME)";
			};
			name = Debug;
		};
		4C394C6924306E6D000AFBFF /* Release */ = {
			isa = XCBuildConfiguration;
			buildSettings = {
				CODE_SIGN_STYLE = Automatic;
				DEVELOPMENT_TEAM = V6F9359RN2;
				ENABLE_HARDENED_RUNTIME = YES;
				PRODUCT_NAME = "$(TARGET_NAME)";
			};
			name = Release;
		};
		4C461B952431B06000DDE3AD /* Debug */ = {
			isa = XCBuildConfiguration;
			buildSettings = {
				CODE_SIGN_STYLE = Automatic;
				DEVELOPMENT_TEAM = V6F9359RN2;
				ENABLE_HARDENED_RUNTIME = YES;
				PRODUCT_NAME = "$(TARGET_NAME)";
			};
			name = Debug;
		};
		4C461B962431B06000DDE3AD /* Release */ = {
			isa = XCBuildConfiguration;
			buildSettings = {
				CODE_SIGN_STYLE = Automatic;
				DEVELOPMENT_TEAM = V6F9359RN2;
				ENABLE_HARDENED_RUNTIME = YES;
				PRODUCT_NAME = "$(TARGET_NAME)";
			};
			name = Release;
		};
		4CA8A526243077A900DB872D /* Debug */ = {
			isa = XCBuildConfiguration;
			buildSettings = {
				CODE_SIGN_STYLE = Automatic;
				DEVELOPMENT_TEAM = V6F9359RN2;
				ENABLE_HARDENED_RUNTIME = YES;
				PRODUCT_NAME = "$(TARGET_NAME)";
			};
			name = Debug;
		};
		4CA8A527243077A900DB872D /* Release */ = {
			isa = XCBuildConfiguration;
			buildSettings = {
				CODE_SIGN_STYLE = Automatic;
				DEVELOPMENT_TEAM = V6F9359RN2;
				ENABLE_HARDENED_RUNTIME = YES;
				PRODUCT_NAME = "$(TARGET_NAME)";
			};
			name = Release;
		};
/* End XCBuildConfiguration section */

/* Begin XCConfigurationList section */
		4C394C5B24306E6D000AFBFF /* Build configuration list for PBXProject "Week 10" */ = {
			isa = XCConfigurationList;
			buildConfigurations = (
				4C394C6524306E6D000AFBFF /* Debug */,
				4C394C6624306E6D000AFBFF /* Release */,
			);
			defaultConfigurationIsVisible = 0;
			defaultConfigurationName = Release;
		};
		4C394C6724306E6D000AFBFF /* Build configuration list for PBXNativeTarget "oddItemsToBack" */ = {
			isa = XCConfigurationList;
			buildConfigurations = (
				4C394C6824306E6D000AFBFF /* Debug */,
				4C394C6924306E6D000AFBFF /* Release */,
			);
			defaultConfigurationIsVisible = 0;
			defaultConfigurationName = Release;
		};
		4C461B972431B06000DDE3AD /* Build configuration list for PBXNativeTarget "recursiveReverse" */ = {
			isa = XCConfigurationList;
			buildConfigurations = (
				4C461B952431B06000DDE3AD /* Debug */,
				4C461B962431B06000DDE3AD /* Release */,
			);
			defaultConfigurationIsVisible = 0;
			defaultConfigurationName = Release;
		};
		4CA8A525243077A900DB872D /* Build configuration list for PBXNativeTarget "alternateMergeLinkedList" */ = {
			isa = XCConfigurationList;
			buildConfigurations = (
				4CA8A526243077A900DB872D /* Debug */,
				4CA8A527243077A900DB872D /* Release */,
			);
			defaultConfigurationIsVisible = 0;
			defaultConfigurationName = Release;
		};
/* End XCConfigurationList section */
	};
	rootObject = 4C394C5824306E6D000AFBFF /* Project object */;
}
