// !$*UTF8*$!
{
	archiveVersion = 1;
	classes = {
	};
	objectVersion = 50;
	objects = {

/* Begin PBXBuildFile section */
		4CA05873243DDFF6005C0A65 /* createQueueFromLinkedList.c in Sources */ = {isa = PBXBuildFile; fileRef = 4CA05872243DDFF6005C0A65 /* createQueueFromLinkedList.c */; };
		4CF882CA243DE60500F75101 /* reverseStack.c in Sources */ = {isa = PBXBuildFile; fileRef = 4CF882C9243DE60500F75101 /* reverseStack.c */; };
/* End PBXBuildFile section */

/* Begin PBXCopyFilesBuildPhase section */
		4CA0586D243DDFF6005C0A65 /* CopyFiles */ = {
			isa = PBXCopyFilesBuildPhase;
			buildActionMask = 2147483647;
			dstPath = /usr/share/man/man1/;
			dstSubfolderSpec = 0;
			files = (
			);
			runOnlyForDeploymentPostprocessing = 1;
		};
		4CF882C5243DE60500F75101 /* CopyFiles */ = {
			isa = PBXCopyFilesBuildPhase;
			buildActionMask = 2147483647;
			dstPath = /usr/share/man/man1/;
			dstSubfolderSpec = 0;
			files = (
			);
			runOnlyForDeploymentPostprocessing = 1;
		};
/* End PBXCopyFilesBuildPhase section */

/* Begin PBXFileReference section */
		4CA0586F243DDFF6005C0A65 /* createQueueFromLinkedList */ = {isa = PBXFileReference; explicitFileType = "compiled.mach-o.executable"; includeInIndex = 0; path = createQueueFromLinkedList; sourceTree = BUILT_PRODUCTS_DIR; };
		4CA05872243DDFF6005C0A65 /* createQueueFromLinkedList.c */ = {isa = PBXFileReference; lastKnownFileType = sourcecode.c.c; path = createQueueFromLinkedList.c; sourceTree = "<group>"; };
		4CF882C7243DE60500F75101 /* reverseStack */ = {isa = PBXFileReference; explicitFileType = "compiled.mach-o.executable"; includeInIndex = 0; path = reverseStack; sourceTree = BUILT_PRODUCTS_DIR; };
		4CF882C9243DE60500F75101 /* reverseStack.c */ = {isa = PBXFileReference; lastKnownFileType = sourcecode.c.c; path = reverseStack.c; sourceTree = "<group>"; };
/* End PBXFileReference section */

/* Begin PBXFrameworksBuildPhase section */
		4CA0586C243DDFF6005C0A65 /* Frameworks */ = {
			isa = PBXFrameworksBuildPhase;
			buildActionMask = 2147483647;
			files = (
			);
			runOnlyForDeploymentPostprocessing = 0;
		};
		4CF882C4243DE60500F75101 /* Frameworks */ = {
			isa = PBXFrameworksBuildPhase;
			buildActionMask = 2147483647;
			files = (
			);
			runOnlyForDeploymentPostprocessing = 0;
		};
/* End PBXFrameworksBuildPhase section */

/* Begin PBXGroup section */
		4CA05866243DDFF6005C0A65 = {
			isa = PBXGroup;
			children = (
				4CA05871243DDFF6005C0A65 /* createQueueFromLinkedList */,
				4CF882C8243DE60500F75101 /* reverseStack */,
				4CA05870243DDFF6005C0A65 /* Products */,
			);
			sourceTree = "<group>";
		};
		4CA05870243DDFF6005C0A65 /* Products */ = {
			isa = PBXGroup;
			children = (
				4CA0586F243DDFF6005C0A65 /* createQueueFromLinkedList */,
				4CF882C7243DE60500F75101 /* reverseStack */,
			);
			name = Products;
			sourceTree = "<group>";
		};
		4CA05871243DDFF6005C0A65 /* createQueueFromLinkedList */ = {
			isa = PBXGroup;
			children = (
				4CA05872243DDFF6005C0A65 /* createQueueFromLinkedList.c */,
			);
			path = createQueueFromLinkedList;
			sourceTree = "<group>";
		};
		4CF882C8243DE60500F75101 /* reverseStack */ = {
			isa = PBXGroup;
			children = (
				4CF882C9243DE60500F75101 /* reverseStack.c */,
			);
			path = reverseStack;
			sourceTree = "<group>";
		};
/* End PBXGroup section */

/* Begin PBXNativeTarget section */
		4CA0586E243DDFF6005C0A65 /* createQueueFromLinkedList */ = {
			isa = PBXNativeTarget;
			buildConfigurationList = 4CA05876243DDFF6005C0A65 /* Build configuration list for PBXNativeTarget "createQueueFromLinkedList" */;
			buildPhases = (
				4CA0586B243DDFF6005C0A65 /* Sources */,
				4CA0586C243DDFF6005C0A65 /* Frameworks */,
				4CA0586D243DDFF6005C0A65 /* CopyFiles */,
			);
			buildRules = (
			);
			dependencies = (
			);
			name = createQueueFromLinkedList;
			productName = "Week 11";
			productReference = 4CA0586F243DDFF6005C0A65 /* createQueueFromLinkedList */;
			productType = "com.apple.product-type.tool";
		};
		4CF882C6243DE60500F75101 /* reverseStack */ = {
			isa = PBXNativeTarget;
			buildConfigurationList = 4CF882CD243DE60500F75101 /* Build configuration list for PBXNativeTarget "reverseStack" */;
			buildPhases = (
				4CF882C3243DE60500F75101 /* Sources */,
				4CF882C4243DE60500F75101 /* Frameworks */,
				4CF882C5243DE60500F75101 /* CopyFiles */,
			);
			buildRules = (
			);
			dependencies = (
			);
			name = reverseStack;
			productName = reverseStack;
			productReference = 4CF882C7243DE60500F75101 /* reverseStack */;
			productType = "com.apple.product-type.tool";
		};
/* End PBXNativeTarget section */

/* Begin PBXProject section */
		4CA05867243DDFF6005C0A65 /* Project object */ = {
			isa = PBXProject;
			attributes = {
				LastUpgradeCheck = 1140;
				ORGANIZATIONNAME = "Bhargav Singapuri";
				TargetAttributes = {
					4CA0586E243DDFF6005C0A65 = {
						CreatedOnToolsVersion = 11.4;
					};
					4CF882C6243DE60500F75101 = {
						CreatedOnToolsVersion = 11.4;
					};
				};
			};
			buildConfigurationList = 4CA0586A243DDFF6005C0A65 /* Build configuration list for PBXProject "Week 11" */;
			compatibilityVersion = "Xcode 9.3";
			developmentRegion = en;
			hasScannedForEncodings = 0;
			knownRegions = (
				en,
				Base,
			);
			mainGroup = 4CA05866243DDFF6005C0A65;
			productRefGroup = 4CA05870243DDFF6005C0A65 /* Products */;
			projectDirPath = "";
			projectRoot = "";
			targets = (
				4CA0586E243DDFF6005C0A65 /* createQueueFromLinkedList */,
				4CF882C6243DE60500F75101 /* reverseStack */,
			);
		};
/* End PBXProject section */

/* Begin PBXSourcesBuildPhase section */
		4CA0586B243DDFF6005C0A65 /* Sources */ = {
			isa = PBXSourcesBuildPhase;
			buildActionMask = 2147483647;
			files = (
				4CA05873243DDFF6005C0A65 /* createQueueFromLinkedList.c in Sources */,
			);
			runOnlyForDeploymentPostprocessing = 0;
		};
		4CF882C3243DE60500F75101 /* Sources */ = {
			isa = PBXSourcesBuildPhase;
			buildActionMask = 2147483647;
			files = (
				4CF882CA243DE60500F75101 /* reverseStack.c in Sources */,
			);
			runOnlyForDeploymentPostprocessing = 0;
		};
/* End PBXSourcesBuildPhase section */

/* Begin XCBuildConfiguration section */
		4CA05874243DDFF6005C0A65 /* Debug */ = {
			isa = XCBuildConfiguration;
			buildSettings = {
				ALWAYS_SEARCH_USER_PATHS = NO;
				CLANG_ANALYZER_NONNULL = YES;
				CLANG_ANALYZER_NUMBER_OBJECT_CONVERSION = YES_AGGRESSIVE;
				CLANG_CXX_LANGUAGE_STANDARD = "gnu++14";
				CLANG_CXX_LIBRARY = "libc++";
				CLANG_ENABLE_MODULES = YES;
				CLANG_ENABLE_OBJC_ARC = YES;
				CLANG_ENABLE_OBJC_WEAK = YES;
				CLANG_WARN_BLOCK_CAPTURE_AUTORELEASING = YES;
				CLANG_WARN_BOOL_CONVERSION = YES;
				CLANG_WARN_COMMA = YES;
				CLANG_WARN_CONSTANT_CONVERSION = YES;
				CLANG_WARN_DEPRECATED_OBJC_IMPLEMENTATIONS = YES;
				CLANG_WARN_DIRECT_OBJC_ISA_USAGE = YES_ERROR;
				CLANG_WARN_DOCUMENTATION_COMMENTS = YES;
				CLANG_WARN_EMPTY_BODY = YES;
				CLANG_WARN_ENUM_CONVERSION = YES;
				CLANG_WARN_INFINITE_RECURSION = YES;
				CLANG_WARN_INT_CONVERSION = YES;
				CLANG_WARN_NON_LITERAL_NULL_CONVERSION = YES;
				CLANG_WARN_OBJC_IMPLICIT_RETAIN_SELF = YES;
				CLANG_WARN_OBJC_LITERAL_CONVERSION = YES;
				CLANG_WARN_OBJC_ROOT_CLASS = YES_ERROR;
				CLANG_WARN_RANGE_LOOP_ANALYSIS = YES;
				CLANG_WARN_STRICT_PROTOTYPES = YES;
				CLANG_WARN_SUSPICIOUS_MOVE = YES;
				CLANG_WARN_UNGUARDED_AVAILABILITY = YES_AGGRESSIVE;
				CLANG_WARN_UNREACHABLE_CODE = YES;
				CLANG_WARN__DUPLICATE_METHOD_MATCH = YES;
				COPY_PHASE_STRIP = NO;
				DEBUG_INFORMATION_FORMAT = dwarf;
				ENABLE_STRICT_OBJC_MSGSEND = YES;
				ENABLE_TESTABILITY = YES;
				GCC_C_LANGUAGE_STANDARD = gnu11;
				GCC_DYNAMIC_NO_PIC = NO;
				GCC_NO_COMMON_BLOCKS = YES;
				GCC_OPTIMIZATION_LEVEL = 0;
				GCC_PREPROCESSOR_DEFINITIONS = (
					"DEBUG=1",
					"$(inherited)",
				);
				GCC_WARN_64_TO_32_BIT_CONVERSION = YES;
				GCC_WARN_ABOUT_RETURN_TYPE = YES_ERROR;
				GCC_WARN_UNDECLARED_SELECTOR = YES;
				GCC_WARN_UNINITIALIZED_AUTOS = YES_AGGRESSIVE;
				GCC_WARN_UNUSED_FUNCTION = YES;
				GCC_WARN_UNUSED_VARIABLE = YES;
				MACOSX_DEPLOYMENT_TARGET = 10.15;
				MTL_ENABLE_DEBUG_INFO = INCLUDE_SOURCE;
				MTL_FAST_MATH = YES;
				ONLY_ACTIVE_ARCH = YES;
				SDKROOT = macosx;
			};
			name = Debug;
		};
		4CA05875243DDFF6005C0A65 /* Release */ = {
			isa = XCBuildConfiguration;
			buildSettings = {
				ALWAYS_SEARCH_USER_PATHS = NO;
				CLANG_ANALYZER_NONNULL = YES;
				CLANG_ANALYZER_NUMBER_OBJECT_CONVERSION = YES_AGGRESSIVE;
				CLANG_CXX_LANGUAGE_STANDARD = "gnu++14";
				CLANG_CXX_LIBRARY = "libc++";
				CLANG_ENABLE_MODULES = YES;
				CLANG_ENABLE_OBJC_ARC = YES;
				CLANG_ENABLE_OBJC_WEAK = YES;
				CLANG_WARN_BLOCK_CAPTURE_AUTORELEASING = YES;
				CLANG_WARN_BOOL_CONVERSION = YES;
				CLANG_WARN_COMMA = YES;
				CLANG_WARN_CONSTANT_CONVERSION = YES;
				CLANG_WARN_DEPRECATED_OBJC_IMPLEMENTATIONS = YES;
				CLANG_WARN_DIRECT_OBJC_ISA_USAGE = YES_ERROR;
				CLANG_WARN_DOCUMENTATION_COMMENTS = YES;
				CLANG_WARN_EMPTY_BODY = YES;
				CLANG_WARN_ENUM_CONVERSION = YES;
				CLANG_WARN_INFINITE_RECURSION = YES;
				CLANG_WARN_INT_CONVERSION = YES;
				CLANG_WARN_NON_LITERAL_NULL_CONVERSION = YES;
				CLANG_WARN_OBJC_IMPLICIT_RETAIN_SELF = YES;
				CLANG_WARN_OBJC_LITERAL_CONVERSION = YES;
				CLANG_WARN_OBJC_ROOT_CLASS = YES_ERROR;
				CLANG_WARN_RANGE_LOOP_ANALYSIS = YES;
				CLANG_WARN_STRICT_PROTOTYPES = YES;
				CLANG_WARN_SUSPICIOUS_MOVE = YES;
				CLANG_WARN_UNGUARDED_AVAILABILITY = YES_AGGRESSIVE;
				CLANG_WARN_UNREACHABLE_CODE = YES;
				CLANG_WARN__DUPLICATE_METHOD_MATCH = YES;
				COPY_PHASE_STRIP = NO;
				DEBUG_INFORMATION_FORMAT = "dwarf-with-dsym";
				ENABLE_NS_ASSERTIONS = NO;
				ENABLE_STRICT_OBJC_MSGSEND = YES;
				GCC_C_LANGUAGE_STANDARD = gnu11;
				GCC_NO_COMMON_BLOCKS = YES;
				GCC_WARN_64_TO_32_BIT_CONVERSION = YES;
				GCC_WARN_ABOUT_RETURN_TYPE = YES_ERROR;
				GCC_WARN_UNDECLARED_SELECTOR = YES;
				GCC_WARN_UNINITIALIZED_AUTOS = YES_AGGRESSIVE;
				GCC_WARN_UNUSED_FUNCTION = YES;
				GCC_WARN_UNUSED_VARIABLE = YES;
				MACOSX_DEPLOYMENT_TARGET = 10.15;
				MTL_ENABLE_DEBUG_INFO = NO;
				MTL_FAST_MATH = YES;
				SDKROOT = macosx;
			};
			name = Release;
		};
		4CA05877243DDFF6005C0A65 /* Debug */ = {
			isa = XCBuildConfiguration;
			buildSettings = {
				CODE_SIGN_STYLE = Automatic;
				DEVELOPMENT_TEAM = V6F9359RN2;
				ENABLE_HARDENED_RUNTIME = YES;
				PRODUCT_NAME = "$(TARGET_NAME)";
			};
			name = Debug;
		};
		4CA05878243DDFF6005C0A65 /* Release */ = {
			isa = XCBuildConfiguration;
			buildSettings = {
				CODE_SIGN_STYLE = Automatic;
				DEVELOPMENT_TEAM = V6F9359RN2;
				ENABLE_HARDENED_RUNTIME = YES;
				PRODUCT_NAME = "$(TARGET_NAME)";
			};
			name = Release;
		};
		4CF882CB243DE60500F75101 /* Debug */ = {
			isa = XCBuildConfiguration;
			buildSettings = {
				CODE_SIGN_STYLE = Automatic;
				DEVELOPMENT_TEAM = V6F9359RN2;
				ENABLE_HARDENED_RUNTIME = YES;
				PRODUCT_NAME = "$(TARGET_NAME)";
			};
			name = Debug;
		};
		4CF882CC243DE60500F75101 /* Release */ = {
			isa = XCBuildConfiguration;
			buildSettings = {
				CODE_SIGN_STYLE = Automatic;
				DEVELOPMENT_TEAM = V6F9359RN2;
				ENABLE_HARDENED_RUNTIME = YES;
				PRODUCT_NAME = "$(TARGET_NAME)";
			};
			name = Release;
		};
/* End XCBuildConfiguration section */

/* Begin XCConfigurationList section */
		4CA0586A243DDFF6005C0A65 /* Build configuration list for PBXProject "Week 11" */ = {
			isa = XCConfigurationList;
			buildConfigurations = (
				4CA05874243DDFF6005C0A65 /* Debug */,
				4CA05875243DDFF6005C0A65 /* Release */,
			);
			defaultConfigurationIsVisible = 0;
			defaultConfigurationName = Release;
		};
		4CA05876243DDFF6005C0A65 /* Build configuration list for PBXNativeTarget "createQueueFromLinkedList" */ = {
			isa = XCConfigurationList;
			buildConfigurations = (
				4CA05877243DDFF6005C0A65 /* Debug */,
				4CA05878243DDFF6005C0A65 /* Release */,
			);
			defaultConfigurationIsVisible = 0;
			defaultConfigurationName = Release;
		};
		4CF882CD243DE60500F75101 /* Build configuration list for PBXNativeTarget "reverseStack" */ = {
			isa = XCConfigurationList;
			buildConfigurations = (
				4CF882CB243DE60500F75101 /* Debug */,
				4CF882CC243DE60500F75101 /* Release */,
			);
			defaultConfigurationIsVisible = 0;
			defaultConfigurationName = Release;
		};
/* End XCConfigurationList section */
	};
	rootObject = 4CA05867243DDFF6005C0A65 /* Project object */;
}
