// !$*UTF8*$!
{
	archiveVersion = 1;
	classes = {
	};
	objectVersion = 50;
	objects = {

/* Begin PBXBuildFile section */
		4C1F2F2C23EBAF1B000FC6E3 /* locateFirstChar.c in Sources */ = {isa = PBXBuildFile; fileRef = 4C1F2F2B23EBAF1B000FC6E3 /* locateFirstChar.c */; };
		4C4AE82A23EA588100F5834E /* insertChar.c in Sources */ = {isa = PBXBuildFile; fileRef = 4C4AE82923EA588100F5834E /* insertChar.c */; };
		4C65DF2723EE962900BAD239 /* countWords.c in Sources */ = {isa = PBXBuildFile; fileRef = 4C65DF2623EE962900BAD239 /* countWords.c */; };
		4C808B4623F116FC00A8866C /* cipherText.c in Sources */ = {isa = PBXBuildFile; fileRef = 4C808B4523F116FC00A8866C /* cipherText.c */; };
		4C808B5123F11E1200A8866C /* longestStrInAr.c in Sources */ = {isa = PBXBuildFile; fileRef = 4C808B5023F11E1200A8866C /* longestStrInAr.c */; };
		4CD6492123EBE0440031FAA2 /* longWordLength.c in Sources */ = {isa = PBXBuildFile; fileRef = 4CD6492023EBE0440031FAA2 /* longWordLength.c */; };
/* End PBXBuildFile section */

/* Begin PBXCopyFilesBuildPhase section */
		4C1F2F2723EBAF1B000FC6E3 /* CopyFiles */ = {
			isa = PBXCopyFilesBuildPhase;
			buildActionMask = 2147483647;
			dstPath = /usr/share/man/man1/;
			dstSubfolderSpec = 0;
			files = (
			);
			runOnlyForDeploymentPostprocessing = 1;
		};
		4C4AE82423EA588100F5834E /* CopyFiles */ = {
			isa = PBXCopyFilesBuildPhase;
			buildActionMask = 2147483647;
			dstPath = /usr/share/man/man1/;
			dstSubfolderSpec = 0;
			files = (
			);
			runOnlyForDeploymentPostprocessing = 1;
		};
		4C65DF2223EE962900BAD239 /* CopyFiles */ = {
			isa = PBXCopyFilesBuildPhase;
			buildActionMask = 2147483647;
			dstPath = /usr/share/man/man1/;
			dstSubfolderSpec = 0;
			files = (
			);
			runOnlyForDeploymentPostprocessing = 1;
		};
		4C808B4123F116FC00A8866C /* CopyFiles */ = {
			isa = PBXCopyFilesBuildPhase;
			buildActionMask = 2147483647;
			dstPath = /usr/share/man/man1/;
			dstSubfolderSpec = 0;
			files = (
			);
			runOnlyForDeploymentPostprocessing = 1;
		};
		4C808B4C23F11E1200A8866C /* CopyFiles */ = {
			isa = PBXCopyFilesBuildPhase;
			buildActionMask = 2147483647;
			dstPath = /usr/share/man/man1/;
			dstSubfolderSpec = 0;
			files = (
			);
			runOnlyForDeploymentPostprocessing = 1;
		};
		4CD6491C23EBE0440031FAA2 /* CopyFiles */ = {
			isa = PBXCopyFilesBuildPhase;
			buildActionMask = 2147483647;
			dstPath = /usr/share/man/man1/;
			dstSubfolderSpec = 0;
			files = (
			);
			runOnlyForDeploymentPostprocessing = 1;
		};
/* End PBXCopyFilesBuildPhase section */

/* Begin PBXFileReference section */
		4C1F2F2923EBAF1B000FC6E3 /* locateFirstChar */ = {isa = PBXFileReference; explicitFileType = "compiled.mach-o.executable"; includeInIndex = 0; path = locateFirstChar; sourceTree = BUILT_PRODUCTS_DIR; };
		4C1F2F2B23EBAF1B000FC6E3 /* locateFirstChar.c */ = {isa = PBXFileReference; lastKnownFileType = sourcecode.c.c; path = locateFirstChar.c; sourceTree = "<group>"; };
		4C4AE82623EA588100F5834E /* insertChar */ = {isa = PBXFileReference; explicitFileType = "compiled.mach-o.executable"; includeInIndex = 0; path = insertChar; sourceTree = BUILT_PRODUCTS_DIR; };
		4C4AE82923EA588100F5834E /* insertChar.c */ = {isa = PBXFileReference; lastKnownFileType = sourcecode.c.c; path = insertChar.c; sourceTree = "<group>"; };
		4C65DF2423EE962900BAD239 /* countWords */ = {isa = PBXFileReference; explicitFileType = "compiled.mach-o.executable"; includeInIndex = 0; path = countWords; sourceTree = BUILT_PRODUCTS_DIR; };
		4C65DF2623EE962900BAD239 /* countWords.c */ = {isa = PBXFileReference; lastKnownFileType = sourcecode.c.c; path = countWords.c; sourceTree = "<group>"; };
		4C808B4323F116FC00A8866C /* cipherText */ = {isa = PBXFileReference; explicitFileType = "compiled.mach-o.executable"; includeInIndex = 0; path = cipherText; sourceTree = BUILT_PRODUCTS_DIR; };
		4C808B4523F116FC00A8866C /* cipherText.c */ = {isa = PBXFileReference; lastKnownFileType = sourcecode.c.c; path = cipherText.c; sourceTree = "<group>"; };
		4C808B4E23F11E1200A8866C /* longestStrInAr */ = {isa = PBXFileReference; explicitFileType = "compiled.mach-o.executable"; includeInIndex = 0; path = longestStrInAr; sourceTree = BUILT_PRODUCTS_DIR; };
		4C808B5023F11E1200A8866C /* longestStrInAr.c */ = {isa = PBXFileReference; lastKnownFileType = sourcecode.c.c; path = longestStrInAr.c; sourceTree = "<group>"; };
		4CD6491E23EBE0440031FAA2 /* longWordLength */ = {isa = PBXFileReference; explicitFileType = "compiled.mach-o.executable"; includeInIndex = 0; path = longWordLength; sourceTree = BUILT_PRODUCTS_DIR; };
		4CD6492023EBE0440031FAA2 /* longWordLength.c */ = {isa = PBXFileReference; lastKnownFileType = sourcecode.c.c; path = longWordLength.c; sourceTree = "<group>"; };
/* End PBXFileReference section */

/* Begin PBXFrameworksBuildPhase section */
		4C1F2F2623EBAF1B000FC6E3 /* Frameworks */ = {
			isa = PBXFrameworksBuildPhase;
			buildActionMask = 2147483647;
			files = (
			);
			runOnlyForDeploymentPostprocessing = 0;
		};
		4C4AE82323EA588100F5834E /* Frameworks */ = {
			isa = PBXFrameworksBuildPhase;
			buildActionMask = 2147483647;
			files = (
			);
			runOnlyForDeploymentPostprocessing = 0;
		};
		4C65DF2123EE962900BAD239 /* Frameworks */ = {
			isa = PBXFrameworksBuildPhase;
			buildActionMask = 2147483647;
			files = (
			);
			runOnlyForDeploymentPostprocessing = 0;
		};
		4C808B4023F116FC00A8866C /* Frameworks */ = {
			isa = PBXFrameworksBuildPhase;
			buildActionMask = 2147483647;
			files = (
			);
			runOnlyForDeploymentPostprocessing = 0;
		};
		4C808B4B23F11E1200A8866C /* Frameworks */ = {
			isa = PBXFrameworksBuildPhase;
			buildActionMask = 2147483647;
			files = (
			);
			runOnlyForDeploymentPostprocessing = 0;
		};
		4CD6491B23EBE0440031FAA2 /* Frameworks */ = {
			isa = PBXFrameworksBuildPhase;
			buildActionMask = 2147483647;
			files = (
			);
			runOnlyForDeploymentPostprocessing = 0;
		};
/* End PBXFrameworksBuildPhase section */

/* Begin PBXGroup section */
		4C1F2F2A23EBAF1B000FC6E3 /* locateFirstChar */ = {
			isa = PBXGroup;
			children = (
				4C1F2F2B23EBAF1B000FC6E3 /* locateFirstChar.c */,
			);
			path = locateFirstChar;
			sourceTree = "<group>";
		};
		4C4AE81D23EA588100F5834E = {
			isa = PBXGroup;
			children = (
				4C4AE82823EA588100F5834E /* insertChar */,
				4C1F2F2A23EBAF1B000FC6E3 /* locateFirstChar */,
				4CD6491F23EBE0440031FAA2 /* longWordLength */,
				4C65DF2523EE962900BAD239 /* countWords */,
				4C808B4423F116FC00A8866C /* cipherText */,
				4C808B4F23F11E1200A8866C /* longestStrInAr */,
				4C4AE82723EA588100F5834E /* Products */,
			);
			sourceTree = "<group>";
		};
		4C4AE82723EA588100F5834E /* Products */ = {
			isa = PBXGroup;
			children = (
				4C4AE82623EA588100F5834E /* insertChar */,
				4C1F2F2923EBAF1B000FC6E3 /* locateFirstChar */,
				4CD6491E23EBE0440031FAA2 /* longWordLength */,
				4C65DF2423EE962900BAD239 /* countWords */,
				4C808B4323F116FC00A8866C /* cipherText */,
				4C808B4E23F11E1200A8866C /* longestStrInAr */,
			);
			name = Products;
			sourceTree = "<group>";
		};
		4C4AE82823EA588100F5834E /* insertChar */ = {
			isa = PBXGroup;
			children = (
				4C4AE82923EA588100F5834E /* insertChar.c */,
			);
			path = insertChar;
			sourceTree = "<group>";
		};
		4C65DF2523EE962900BAD239 /* countWords */ = {
			isa = PBXGroup;
			children = (
				4C65DF2623EE962900BAD239 /* countWords.c */,
			);
			path = countWords;
			sourceTree = "<group>";
		};
		4C808B4423F116FC00A8866C /* cipherText */ = {
			isa = PBXGroup;
			children = (
				4C808B4523F116FC00A8866C /* cipherText.c */,
			);
			path = cipherText;
			sourceTree = "<group>";
		};
		4C808B4F23F11E1200A8866C /* longestStrInAr */ = {
			isa = PBXGroup;
			children = (
				4C808B5023F11E1200A8866C /* longestStrInAr.c */,
			);
			path = longestStrInAr;
			sourceTree = "<group>";
		};
		4CD6491F23EBE0440031FAA2 /* longWordLength */ = {
			isa = PBXGroup;
			children = (
				4CD6492023EBE0440031FAA2 /* longWordLength.c */,
			);
			path = longWordLength;
			sourceTree = "<group>";
		};
/* End PBXGroup section */

/* Begin PBXNativeTarget section */
		4C1F2F2823EBAF1B000FC6E3 /* locateFirstChar */ = {
			isa = PBXNativeTarget;
			buildConfigurationList = 4C1F2F2F23EBAF1B000FC6E3 /* Build configuration list for PBXNativeTarget "locateFirstChar" */;
			buildPhases = (
				4C1F2F2523EBAF1B000FC6E3 /* Sources */,
				4C1F2F2623EBAF1B000FC6E3 /* Frameworks */,
				4C1F2F2723EBAF1B000FC6E3 /* CopyFiles */,
			);
			buildRules = (
			);
			dependencies = (
			);
			name = locateFirstChar;
			productName = locateFirstChar;
			productReference = 4C1F2F2923EBAF1B000FC6E3 /* locateFirstChar */;
			productType = "com.apple.product-type.tool";
		};
		4C4AE82523EA588100F5834E /* insertChar */ = {
			isa = PBXNativeTarget;
			buildConfigurationList = 4C4AE82D23EA588100F5834E /* Build configuration list for PBXNativeTarget "insertChar" */;
			buildPhases = (
				4C4AE82223EA588100F5834E /* Sources */,
				4C4AE82323EA588100F5834E /* Frameworks */,
				4C4AE82423EA588100F5834E /* CopyFiles */,
			);
			buildRules = (
			);
			dependencies = (
			);
			name = insertChar;
			productName = "Week 5";
			productReference = 4C4AE82623EA588100F5834E /* insertChar */;
			productType = "com.apple.product-type.tool";
		};
		4C65DF2323EE962900BAD239 /* countWords */ = {
			isa = PBXNativeTarget;
			buildConfigurationList = 4C65DF2A23EE962900BAD239 /* Build configuration list for PBXNativeTarget "countWords" */;
			buildPhases = (
				4C65DF2023EE962900BAD239 /* Sources */,
				4C65DF2123EE962900BAD239 /* Frameworks */,
				4C65DF2223EE962900BAD239 /* CopyFiles */,
			);
			buildRules = (
			);
			dependencies = (
			);
			name = countWords;
			productName = countWords;
			productReference = 4C65DF2423EE962900BAD239 /* countWords */;
			productType = "com.apple.product-type.tool";
		};
		4C808B4223F116FC00A8866C /* cipherText */ = {
			isa = PBXNativeTarget;
			buildConfigurationList = 4C808B4923F116FC00A8866C /* Build configuration list for PBXNativeTarget "cipherText" */;
			buildPhases = (
				4C808B3F23F116FC00A8866C /* Sources */,
				4C808B4023F116FC00A8866C /* Frameworks */,
				4C808B4123F116FC00A8866C /* CopyFiles */,
			);
			buildRules = (
			);
			dependencies = (
			);
			name = cipherText;
			productName = cipherText;
			productReference = 4C808B4323F116FC00A8866C /* cipherText */;
			productType = "com.apple.product-type.tool";
		};
		4C808B4D23F11E1200A8866C /* longestStrInAr */ = {
			isa = PBXNativeTarget;
			buildConfigurationList = 4C808B5223F11E1200A8866C /* Build configuration list for PBXNativeTarget "longestStrInAr" */;
			buildPhases = (
				4C808B4A23F11E1200A8866C /* Sources */,
				4C808B4B23F11E1200A8866C /* Frameworks */,
				4C808B4C23F11E1200A8866C /* CopyFiles */,
			);
			buildRules = (
			);
			dependencies = (
			);
			name = longestStrInAr;
			productName = longestStrInAr;
			productReference = 4C808B4E23F11E1200A8866C /* longestStrInAr */;
			productType = "com.apple.product-type.tool";
		};
		4CD6491D23EBE0440031FAA2 /* longWordLength */ = {
			isa = PBXNativeTarget;
			buildConfigurationList = 4CD6492423EBE0440031FAA2 /* Build configuration list for PBXNativeTarget "longWordLength" */;
			buildPhases = (
				4CD6491A23EBE0440031FAA2 /* Sources */,
				4CD6491B23EBE0440031FAA2 /* Frameworks */,
				4CD6491C23EBE0440031FAA2 /* CopyFiles */,
			);
			buildRules = (
			);
			dependencies = (
			);
			name = longWordLength;
			productName = longWordLength;
			productReference = 4CD6491E23EBE0440031FAA2 /* longWordLength */;
			productType = "com.apple.product-type.tool";
		};
/* End PBXNativeTarget section */

/* Begin PBXProject section */
		4C4AE81E23EA588100F5834E /* Project object */ = {
			isa = PBXProject;
			attributes = {
				LastUpgradeCheck = 1130;
				ORGANIZATIONNAME = "Bhargav Singapuri";
				TargetAttributes = {
					4C1F2F2823EBAF1B000FC6E3 = {
						CreatedOnToolsVersion = 11.3.1;
					};
					4C4AE82523EA588100F5834E = {
						CreatedOnToolsVersion = 11.3.1;
					};
					4C65DF2323EE962900BAD239 = {
						CreatedOnToolsVersion = 11.3.1;
					};
					4C808B4223F116FC00A8866C = {
						CreatedOnToolsVersion = 11.3.1;
					};
					4C808B4D23F11E1200A8866C = {
						CreatedOnToolsVersion = 11.3.1;
					};
					4CD6491D23EBE0440031FAA2 = {
						CreatedOnToolsVersion = 11.3.1;
					};
				};
			};
			buildConfigurationList = 4C4AE82123EA588100F5834E /* Build configuration list for PBXProject "Week 5" */;
			compatibilityVersion = "Xcode 9.3";
			developmentRegion = en;
			hasScannedForEncodings = 0;
			knownRegions = (
				en,
				Base,
			);
			mainGroup = 4C4AE81D23EA588100F5834E;
			productRefGroup = 4C4AE82723EA588100F5834E /* Products */;
			projectDirPath = "";
			projectRoot = "";
			targets = (
				4C4AE82523EA588100F5834E /* insertChar */,
				4C1F2F2823EBAF1B000FC6E3 /* locateFirstChar */,
				4CD6491D23EBE0440031FAA2 /* longWordLength */,
				4C65DF2323EE962900BAD239 /* countWords */,
				4C808B4223F116FC00A8866C /* cipherText */,
				4C808B4D23F11E1200A8866C /* longestStrInAr */,
			);
		};
/* End PBXProject section */

/* Begin PBXSourcesBuildPhase section */
		4C1F2F2523EBAF1B000FC6E3 /* Sources */ = {
			isa = PBXSourcesBuildPhase;
			buildActionMask = 2147483647;
			files = (
				4C1F2F2C23EBAF1B000FC6E3 /* locateFirstChar.c in Sources */,
			);
			runOnlyForDeploymentPostprocessing = 0;
		};
		4C4AE82223EA588100F5834E /* Sources */ = {
			isa = PBXSourcesBuildPhase;
			buildActionMask = 2147483647;
			files = (
				4C4AE82A23EA588100F5834E /* insertChar.c in Sources */,
			);
			runOnlyForDeploymentPostprocessing = 0;
		};
		4C65DF2023EE962900BAD239 /* Sources */ = {
			isa = PBXSourcesBuildPhase;
			buildActionMask = 2147483647;
			files = (
				4C65DF2723EE962900BAD239 /* countWords.c in Sources */,
			);
			runOnlyForDeploymentPostprocessing = 0;
		};
		4C808B3F23F116FC00A8866C /* Sources */ = {
			isa = PBXSourcesBuildPhase;
			buildActionMask = 2147483647;
			files = (
				4C808B4623F116FC00A8866C /* cipherText.c in Sources */,
			);
			runOnlyForDeploymentPostprocessing = 0;
		};
		4C808B4A23F11E1200A8866C /* Sources */ = {
			isa = PBXSourcesBuildPhase;
			buildActionMask = 2147483647;
			files = (
				4C808B5123F11E1200A8866C /* longestStrInAr.c in Sources */,
			);
			runOnlyForDeploymentPostprocessing = 0;
		};
		4CD6491A23EBE0440031FAA2 /* Sources */ = {
			isa = PBXSourcesBuildPhase;
			buildActionMask = 2147483647;
			files = (
				4CD6492123EBE0440031FAA2 /* longWordLength.c in Sources */,
			);
			runOnlyForDeploymentPostprocessing = 0;
		};
/* End PBXSourcesBuildPhase section */

/* Begin XCBuildConfiguration section */
		4C1F2F2D23EBAF1B000FC6E3 /* Debug */ = {
			isa = XCBuildConfiguration;
			buildSettings = {
				CODE_SIGN_STYLE = Automatic;
				DEVELOPMENT_TEAM = V6F9359RN2;
				ENABLE_HARDENED_RUNTIME = YES;
				PRODUCT_NAME = "$(TARGET_NAME)";
			};
			name = Debug;
		};
		4C1F2F2E23EBAF1B000FC6E3 /* Release */ = {
			isa = XCBuildConfiguration;
			buildSettings = {
				CODE_SIGN_STYLE = Automatic;
				DEVELOPMENT_TEAM = V6F9359RN2;
				ENABLE_HARDENED_RUNTIME = YES;
				PRODUCT_NAME = "$(TARGET_NAME)";
			};
			name = Release;
		};
		4C4AE82B23EA588100F5834E /* Debug */ = {
			isa = XCBuildConfiguration;
			buildSettings = {
				ALWAYS_SEARCH_USER_PATHS = NO;
				CLANG_ANALYZER_NONNULL = YES;
				CLANG_ANALYZER_NUMBER_OBJECT_CONVERSION = YES_AGGRESSIVE;
				CLANG_CXX_LANGUAGE_STANDARD = "gnu++14";
				CLANG_CXX_LIBRARY = "libc++";
				CLANG_ENABLE_MODULES = YES;
				CLANG_ENABLE_OBJC_ARC = YES;
				CLANG_ENABLE_OBJC_WEAK = YES;
				CLANG_WARN_BLOCK_CAPTURE_AUTORELEASING = YES;
				CLANG_WARN_BOOL_CONVERSION = YES;
				CLANG_WARN_COMMA = YES;
				CLANG_WARN_CONSTANT_CONVERSION = YES;
				CLANG_WARN_DEPRECATED_OBJC_IMPLEMENTATIONS = YES;
				CLANG_WARN_DIRECT_OBJC_ISA_USAGE = YES_ERROR;
				CLANG_WARN_DOCUMENTATION_COMMENTS = YES;
				CLANG_WARN_EMPTY_BODY = YES;
				CLANG_WARN_ENUM_CONVERSION = YES;
				CLANG_WARN_INFINITE_RECURSION = YES;
				CLANG_WARN_INT_CONVERSION = YES;
				CLANG_WARN_NON_LITERAL_NULL_CONVERSION = YES;
				CLANG_WARN_OBJC_IMPLICIT_RETAIN_SELF = YES;
				CLANG_WARN_OBJC_LITERAL_CONVERSION = YES;
				CLANG_WARN_OBJC_ROOT_CLASS = YES_ERROR;
				CLANG_WARN_RANGE_LOOP_ANALYSIS = YES;
				CLANG_WARN_STRICT_PROTOTYPES = YES;
				CLANG_WARN_SUSPICIOUS_MOVE = YES;
				CLANG_WARN_UNGUARDED_AVAILABILITY = YES_AGGRESSIVE;
				CLANG_WARN_UNREACHABLE_CODE = YES;
				CLANG_WARN__DUPLICATE_METHOD_MATCH = YES;
				COPY_PHASE_STRIP = NO;
				DEBUG_INFORMATION_FORMAT = dwarf;
				ENABLE_STRICT_OBJC_MSGSEND = YES;
				ENABLE_TESTABILITY = YES;
				GCC_C_LANGUAGE_STANDARD = gnu11;
				GCC_DYNAMIC_NO_PIC = NO;
				GCC_NO_COMMON_BLOCKS = YES;
				GCC_OPTIMIZATION_LEVEL = 0;
				GCC_PREPROCESSOR_DEFINITIONS = (
					"DEBUG=1",
					"$(inherited)",
				);
				GCC_WARN_64_TO_32_BIT_CONVERSION = YES;
				GCC_WARN_ABOUT_RETURN_TYPE = YES_ERROR;
				GCC_WARN_UNDECLARED_SELECTOR = YES;
				GCC_WARN_UNINITIALIZED_AUTOS = YES_AGGRESSIVE;
				GCC_WARN_UNUSED_FUNCTION = YES;
				GCC_WARN_UNUSED_VARIABLE = YES;
				MACOSX_DEPLOYMENT_TARGET = 10.15;
				MTL_ENABLE_DEBUG_INFO = INCLUDE_SOURCE;
				MTL_FAST_MATH = YES;
				ONLY_ACTIVE_ARCH = YES;
				SDKROOT = macosx;
			};
			name = Debug;
		};
		4C4AE82C23EA588100F5834E /* Release */ = {
			isa = XCBuildConfiguration;
			buildSettings = {
				ALWAYS_SEARCH_USER_PATHS = NO;
				CLANG_ANALYZER_NONNULL = YES;
				CLANG_ANALYZER_NUMBER_OBJECT_CONVERSION = YES_AGGRESSIVE;
				CLANG_CXX_LANGUAGE_STANDARD = "gnu++14";
				CLANG_CXX_LIBRARY = "libc++";
				CLANG_ENABLE_MODULES = YES;
				CLANG_ENABLE_OBJC_ARC = YES;
				CLANG_ENABLE_OBJC_WEAK = YES;
				CLANG_WARN_BLOCK_CAPTURE_AUTORELEASING = YES;
				CLANG_WARN_BOOL_CONVERSION = YES;
				CLANG_WARN_COMMA = YES;
				CLANG_WARN_CONSTANT_CONVERSION = YES;
				CLANG_WARN_DEPRECATED_OBJC_IMPLEMENTATIONS = YES;
				CLANG_WARN_DIRECT_OBJC_ISA_USAGE = YES_ERROR;
				CLANG_WARN_DOCUMENTATION_COMMENTS = YES;
				CLANG_WARN_EMPTY_BODY = YES;
				CLANG_WARN_ENUM_CONVERSION = YES;
				CLANG_WARN_INFINITE_RECURSION = YES;
				CLANG_WARN_INT_CONVERSION = YES;
				CLANG_WARN_NON_LITERAL_NULL_CONVERSION = YES;
				CLANG_WARN_OBJC_IMPLICIT_RETAIN_SELF = YES;
				CLANG_WARN_OBJC_LITERAL_CONVERSION = YES;
				CLANG_WARN_OBJC_ROOT_CLASS = YES_ERROR;
				CLANG_WARN_RANGE_LOOP_ANALYSIS = YES;
				CLANG_WARN_STRICT_PROTOTYPES = YES;
				CLANG_WARN_SUSPICIOUS_MOVE = YES;
				CLANG_WARN_UNGUARDED_AVAILABILITY = YES_AGGRESSIVE;
				CLANG_WARN_UNREACHABLE_CODE = YES;
				CLANG_WARN__DUPLICATE_METHOD_MATCH = YES;
				COPY_PHASE_STRIP = NO;
				DEBUG_INFORMATION_FORMAT = "dwarf-with-dsym";
				ENABLE_NS_ASSERTIONS = NO;
				ENABLE_STRICT_OBJC_MSGSEND = YES;
				GCC_C_LANGUAGE_STANDARD = gnu11;
				GCC_NO_COMMON_BLOCKS = YES;
				GCC_WARN_64_TO_32_BIT_CONVERSION = YES;
				GCC_WARN_ABOUT_RETURN_TYPE = YES_ERROR;
				GCC_WARN_UNDECLARED_SELECTOR = YES;
				GCC_WARN_UNINITIALIZED_AUTOS = YES_AGGRESSIVE;
				GCC_WARN_UNUSED_FUNCTION = YES;
				GCC_WARN_UNUSED_VARIABLE = YES;
				MACOSX_DEPLOYMENT_TARGET = 10.15;
				MTL_ENABLE_DEBUG_INFO = NO;
				MTL_FAST_MATH = YES;
				SDKROOT = macosx;
			};
			name = Release;
		};
		4C4AE82E23EA588100F5834E /* Debug */ = {
			isa = XCBuildConfiguration;
			buildSettings = {
				CODE_SIGN_STYLE = Automatic;
				DEVELOPMENT_TEAM = V6F9359RN2;
				ENABLE_HARDENED_RUNTIME = YES;
				PRODUCT_NAME = "$(TARGET_NAME)";
			};
			name = Debug;
		};
		4C4AE82F23EA588100F5834E /* Release */ = {
			isa = XCBuildConfiguration;
			buildSettings = {
				CODE_SIGN_STYLE = Automatic;
				DEVELOPMENT_TEAM = V6F9359RN2;
				ENABLE_HARDENED_RUNTIME = YES;
				PRODUCT_NAME = "$(TARGET_NAME)";
			};
			name = Release;
		};
		4C65DF2823EE962900BAD239 /* Debug */ = {
			isa = XCBuildConfiguration;
			buildSettings = {
				CODE_SIGN_STYLE = Automatic;
				DEVELOPMENT_TEAM = V6F9359RN2;
				ENABLE_HARDENED_RUNTIME = YES;
				PRODUCT_NAME = "$(TARGET_NAME)";
			};
			name = Debug;
		};
		4C65DF2923EE962900BAD239 /* Release */ = {
			isa = XCBuildConfiguration;
			buildSettings = {
				CODE_SIGN_STYLE = Automatic;
				DEVELOPMENT_TEAM = V6F9359RN2;
				ENABLE_HARDENED_RUNTIME = YES;
				PRODUCT_NAME = "$(TARGET_NAME)";
			};
			name = Release;
		};
		4C808B4723F116FC00A8866C /* Debug */ = {
			isa = XCBuildConfiguration;
			buildSettings = {
				CODE_SIGN_STYLE = Automatic;
				DEVELOPMENT_TEAM = V6F9359RN2;
				ENABLE_HARDENED_RUNTIME = YES;
				PRODUCT_NAME = "$(TARGET_NAME)";
			};
			name = Debug;
		};
		4C808B4823F116FC00A8866C /* Release */ = {
			isa = XCBuildConfiguration;
			buildSettings = {
				CODE_SIGN_STYLE = Automatic;
				DEVELOPMENT_TEAM = V6F9359RN2;
				ENABLE_HARDENED_RUNTIME = YES;
				PRODUCT_NAME = "$(TARGET_NAME)";
			};
			name = Release;
		};
		4C808B5323F11E1200A8866C /* Debug */ = {
			isa = XCBuildConfiguration;
			buildSettings = {
				CODE_SIGN_STYLE = Automatic;
				DEVELOPMENT_TEAM = V6F9359RN2;
				ENABLE_HARDENED_RUNTIME = YES;
				PRODUCT_NAME = "$(TARGET_NAME)";
			};
			name = Debug;
		};
		4C808B5423F11E1200A8866C /* Release */ = {
			isa = XCBuildConfiguration;
			buildSettings = {
				CODE_SIGN_STYLE = Automatic;
				DEVELOPMENT_TEAM = V6F9359RN2;
				ENABLE_HARDENED_RUNTIME = YES;
				PRODUCT_NAME = "$(TARGET_NAME)";
			};
			name = Release;
		};
		4CD6492223EBE0440031FAA2 /* Debug */ = {
			isa = XCBuildConfiguration;
			buildSettings = {
				CODE_SIGN_STYLE = Automatic;
				DEVELOPMENT_TEAM = V6F9359RN2;
				ENABLE_HARDENED_RUNTIME = YES;
				PRODUCT_NAME = "$(TARGET_NAME)";
			};
			name = Debug;
		};
		4CD6492323EBE0440031FAA2 /* Release */ = {
			isa = XCBuildConfiguration;
			buildSettings = {
				CODE_SIGN_STYLE = Automatic;
				DEVELOPMENT_TEAM = V6F9359RN2;
				ENABLE_HARDENED_RUNTIME = YES;
				PRODUCT_NAME = "$(TARGET_NAME)";
			};
			name = Release;
		};
/* End XCBuildConfiguration section */

/* Begin XCConfigurationList section */
		4C1F2F2F23EBAF1B000FC6E3 /* Build configuration list for PBXNativeTarget "locateFirstChar" */ = {
			isa = XCConfigurationList;
			buildConfigurations = (
				4C1F2F2D23EBAF1B000FC6E3 /* Debug */,
				4C1F2F2E23EBAF1B000FC6E3 /* Release */,
			);
			defaultConfigurationIsVisible = 0;
			defaultConfigurationName = Release;
		};
		4C4AE82123EA588100F5834E /* Build configuration list for PBXProject "Week 5" */ = {
			isa = XCConfigurationList;
			buildConfigurations = (
				4C4AE82B23EA588100F5834E /* Debug */,
				4C4AE82C23EA588100F5834E /* Release */,
			);
			defaultConfigurationIsVisible = 0;
			defaultConfigurationName = Release;
		};
		4C4AE82D23EA588100F5834E /* Build configuration list for PBXNativeTarget "insertChar" */ = {
			isa = XCConfigurationList;
			buildConfigurations = (
				4C4AE82E23EA588100F5834E /* Debug */,
				4C4AE82F23EA588100F5834E /* Release */,
			);
			defaultConfigurationIsVisible = 0;
			defaultConfigurationName = Release;
		};
		4C65DF2A23EE962900BAD239 /* Build configuration list for PBXNativeTarget "countWords" */ = {
			isa = XCConfigurationList;
			buildConfigurations = (
				4C65DF2823EE962900BAD239 /* Debug */,
				4C65DF2923EE962900BAD239 /* Release */,
			);
			defaultConfigurationIsVisible = 0;
			defaultConfigurationName = Release;
		};
		4C808B4923F116FC00A8866C /* Build configuration list for PBXNativeTarget "cipherText" */ = {
			isa = XCConfigurationList;
			buildConfigurations = (
				4C808B4723F116FC00A8866C /* Debug */,
				4C808B4823F116FC00A8866C /* Release */,
			);
			defaultConfigurationIsVisible = 0;
			defaultConfigurationName = Release;
		};
		4C808B5223F11E1200A8866C /* Build configuration list for PBXNativeTarget "longestStrInAr" */ = {
			isa = XCConfigurationList;
			buildConfigurations = (
				4C808B5323F11E1200A8866C /* Debug */,
				4C808B5423F11E1200A8866C /* Release */,
			);
			defaultConfigurationIsVisible = 0;
			defaultConfigurationName = Release;
		};
		4CD6492423EBE0440031FAA2 /* Build configuration list for PBXNativeTarget "longWordLength" */ = {
			isa = XCConfigurationList;
			buildConfigurations = (
				4CD6492223EBE0440031FAA2 /* Debug */,
				4CD6492323EBE0440031FAA2 /* Release */,
			);
			defaultConfigurationIsVisible = 0;
			defaultConfigurationName = Release;
		};
/* End XCConfigurationList section */
	};
	rootObject = 4C4AE81E23EA588100F5834E /* Project object */;
}
